
Microsoft Visual Studio Solution File, Format Version 12.00
# Visual Studio Version 17
VisualStudioVersion = 17.3.32611.2
MinimumVisualStudioVersion = 10.0.40219.1
Project("{FAE04EC0-301F-11D3-BF4B-00C04F79EFBC}") = "AvaloniaPlaylistParser", "AvaloniaPlaylistParser\AvaloniaPlaylistParser.csproj", "{50A65320-9594-41CE-A382-F667A6D20E58}"
EndProject
Project("{FAE04EC0-301F-11D3-BF4B-00C04F79EFBC}") = "PlaylistParserLibrary", "PlaylistParserLibrary\PlaylistParserLibrary.csproj", "{892760EA-5ECD-4CD2-A3C2-58D4AEA0E104}"
EndProject
Global
	GlobalSection(SolutionConfigurationPlatforms) = preSolution
		Debug|Any CPU = Debug|Any CPU
		Release|Any CPU = Release|Any CPU
	EndGlobalSection
	GlobalSection(ProjectConfigurationPlatforms) = postSolution
		{50A65320-9594-41CE-A382-F667A6D20E58}.Debug|Any CPU.ActiveCfg = Debug|Any CPU
		{50A65320-9594-41CE-A382-F667A6D20E58}.Debug|Any CPU.Build.0 = Debug|Any CPU
		{50A65320-9594-41CE-A382-F667A6D20E58}.Release|Any CPU.ActiveCfg = Release|Any CPU
		{50A65320-9594-41CE-A382-F667A6D20E58}.Release|Any CPU.Build.0 = Release|Any CPU
		{892760EA-5ECD-4CD2-A3C2-58D4AEA0E104}.Debug|Any CPU.ActiveCfg = Debug|Any CPU
		{892760EA-5ECD-4CD2-A3C2-58D4AEA0E104}.Debug|Any CPU.Build.0 = Debug|Any CPU
		{892760EA-5ECD-4CD2-A3C2-58D4AEA0E104}.Release|Any CPU.ActiveCfg = Release|Any CPU
		{892760EA-5ECD-4CD2-A3C2-58D4AEA0E104}.Release|Any CPU.Build.0 = Release|Any CPU
	EndGlobalSection
	GlobalSection(SolutionProperties) = preSolution
		HideSolutionNode = FALSE
	EndGlobalSection
	GlobalSection(ExtensibilityGlobals) = postSolution
		SolutionGuid = {14A42CD2-26CD-4FC6-8659-FD99CDDAB856}
	EndGlobalSection
EndGlobal
